Microsoft Visual Studio Solution File, Format Version 12.00
# Visual Studio Version 17
VisualStudioVersion = 17.5.2.0
MinimumVisualStudioVersion = 10.0.40219.1
Project("{FAE04EC0-301F-11D3-BF4B-00C04F79EFBC}") = "MONGO API", "MONGO API\MONGO API.csproj", "{D7EA833E-CE57-9E54-8DEC-B298B47421E5}"
EndProject
Global
	GlobalSection(SolutionConfigurationPlatforms) = preSolution
		Debug|Any CPU = Debug|Any CPU
		Release|Any CPU = Release|Any CPU
	EndGlobalSection
	GlobalSection(ProjectConfigurationPlatforms) = postSolution
		{D7EA833E-CE57-9E54-8DEC-B298B47421E5}.Debug|Any CPU.ActiveCfg = Debug|Any CPU
		{D7EA833E-CE57-9E54-8DEC-B298B47421E5}.Debug|Any CPU.Build.0 = Debug|Any CPU
		{D7EA833E-CE57-9E54-8DEC-B298B47421E5}.Release|Any CPU.ActiveCfg = Release|Any CPU
		{D7EA833E-CE57-9E54-8DEC-B298B47421E5}.Release|Any CPU.Build.0 = Release|Any CPU
	EndGlobalSection
	GlobalSection(SolutionProperties) = preSolution
		HideSolutionNode = FALSE
	EndGlobalSection
	GlobalSection(ExtensibilityGlobals) = postSolution
		SolutionGuid = {5A9A0ADF-717A-4AD6-981E-01FBCE09B676}
	EndGlobalSection
EndGlobal
